{
  "version": 1,
  "dependencies": {
    "net10.0-windows7.0": {
      "DalamudPackager": {
        "type": "Direct",
        "requested": "[15.0.0, )",
        "resolved": "15.0.0",
        "contentHash": "411vwC8/X8Z/sQ2TI6v3SvOn66xFPeOjFn3Zn+h0d3Ox2t1kFm66AhDvmx/qcMwVrR+Hidxj0dadpQ2dgyXMBQ=="
      },
      "DotNet.ReproducibleBuilds": {
        "type": "Direct",
        "requested": "[1.2.39, )",
        "resolved": "1.2.39",
        "contentHash": "fcFN01tDTIQqDuTwr1jUQK/geofiwjG5DycJQOnC72i1SsLAk1ELe+apBOuZ11UMQG8YKFZG1FgvjZPbqHyatg=="
      },
      "Silk.NET.Direct3D11": {
        "type": "Direct",
        "requested": "[2.21.0, )",
        "resolved": "2.21.0",
        "contentHash": "PFOIzXdvJ6REPpRnmWmGfRhNLED6qdXoEGHlwTisd1K7zJVnA65u18AbqQDq61r36IXvPmUOD+ECfxiBMRkaSQ==",
        "dependencies": {
          "Silk.NET.Core": "2.21.0",
          "Silk.NET.DXGI": "2.21.0"
        }
      },
      "Microsoft.DotNet.PlatformAbstractions": {
        "type": "Transitive",
        "resolved": "3.1.6",
        "contentHash": "jek4XYaQ/PGUwDKKhwR8K47Uh1189PFzMeLqO83mXrXQVIpARZCcfuDedH50YDTepBkfijCZN5U/vZi++erxtg=="
      },
      "Microsoft.Extensions.DependencyModel": {
        "type": "Transitive",
        "resolved": "8.0.0",
        "contentHash": "NSmDw3K0ozNDgShSIpsZcbFIzBX4w28nDag+TfaQujkXGazBm+lid5onlWoCBy4VsLxqnnKjEBbGSJVWJMf43g=="
      },
      "Silk.NET.Core": {
        "type": "Transitive",
        "resolved": "2.21.0",
        "contentHash": "U8gATeEGvSIc1ogSdG/LKr6SLgOjkis7Oo/QzCq+aOoGjw4tHYRVpm02V+pHp/qlQhziBbdQ/Vl5d58cmFY+PA==",
        "dependencies": {
          "Microsoft.DotNet.PlatformAbstractions": "3.1.6",
          "Microsoft.Extensions.DependencyModel": "8.0.0"
        }
      },
      "Silk.NET.DXGI": {
        "type": "Transitive",
        "resolved": "2.21.0",
        "contentHash": "4sUH4Kr+XFmmQyHmNS8EEEM5MfrVS/Z9TfdW3rzVtv2q8aJ7MW6nmKVKGucc75pSvWCM9txApUWS6H2qBL60Qw==",
        "dependencies": {
          "Silk.NET.Core": "2.21.0",
          "Silk.NET.Maths": "2.21.0"
        }
      },
      "Silk.NET.Maths": {
        "type": "Transitive",
        "resolved": "2.21.0",
        "contentHash": "1Hv05KJmKXzzlp3+nFHl2A8yaugGkAj0gCSOaSsLFNFnwuLUIKLBGaC6y23JgGYnK+1t1DS40oPOquHQPI06rg=="
      }
    }
  }
}